Microsoft Visual Studio Solution File, Format Version 11.00
# Visual Studio 2008

Project("{96F4A897-ECC2-9916-4651-D5574AC1E802}") = "ChatProject", "Assembly-CSharp.csproj", "{57431356-E5A3-9E94-AF7B-E7ACD6DA4E31}"
EndProject
Global
	GlobalSection(SolutionConfigurationPlatforms) = preSolution
		Debug|Any CPU = Debug|Any CPU
		Release|Any CPU = Release|Any CPU
	EndGlobalSection
	GlobalSection(ProjectConfigurationPlatforms) = postSolution
		{57431356-E5A3-9E94-AF7B-E7ACD6DA4E31}.Debug|Any CPU.ActiveCfg = Debug|Any CPU
		{57431356-E5A3-9E94-AF7B-E7ACD6DA4E31}.Debug|Any CPU.Build.0 = Debug|Any CPU
		{57431356-E5A3-9E94-AF7B-E7ACD6DA4E31}.Release|Any CPU.ActiveCfg = Release|Any CPU
		{57431356-E5A3-9E94-AF7B-E7ACD6DA4E31}.Release|Any CPU.Build.0 = Release|Any CPU
	EndGlobalSection
	GlobalSection(SolutionProperties) = preSolution
		HideSolutionNode = FALSE
	EndGlobalSection
	GlobalSection(MonoDevelopProperties) = preSolution
		StartupItem = Assembly-CSharp.csproj
	EndGlobalSection
EndGlobal
